Microsoft Visual Studio Solution File, Format Version 12.00
# Visual Studio Version 17
VisualStudioVersion = 17.6.33723.286
MinimumVisualStudioVersion = 10.0.40219.1
Project("{9A19103F-16F7-4668-BE54-9A1E7A4F7556}") = "SYR_StoneRebalance", "SYR_StoneRebalance\SYR_StoneRebalance.csproj", "{37DB215F-EF80-4BA4-A9F7-56B22C5D50BD}"
EndProject
Global
	GlobalSection(SolutionConfigurationPlatforms) = preSolution
		Debug|Any CPU = Debug|Any CPU
		Release|Any CPU = Release|Any CPU
	EndGlobalSection
	GlobalSection(ProjectConfigurationPlatforms) = postSolution
		{37DB215F-EF80-4BA4-A9F7-56B22C5D50BD}.Debug|Any CPU.ActiveCfg = Debug|Any CPU
		{37DB215F-EF80-4BA4-A9F7-56B22C5D50BD}.Debug|Any CPU.Build.0 = Debug|Any CPU
		{37DB215F-EF80-4BA4-A9F7-56B22C5D50BD}.Release|Any CPU.ActiveCfg = Release|Any CPU
		{37DB215F-EF80-4BA4-A9F7-56B22C5D50BD}.Release|Any CPU.Build.0 = Release|Any CPU
	EndGlobalSection
	GlobalSection(SolutionProperties) = preSolution
		HideSolutionNode = FALSE
	EndGlobalSection
	GlobalSection(ExtensibilityGlobals) = postSolution
		SolutionGuid = {ad5c7694-8e75-4c89-a556-2cbd83cb147d}
	EndGlobalSection
EndGlobal
